
Microsoft Visual Studio Solution File, Format Version 12.00
# Visual Studio Version 16
VisualStudioVersion = 16.0.30309.148
MinimumVisualStudioVersion = 10.0.40219.1
Project("{FAE04EC0-301F-11D3-BF4B-00C04F79EFBC}") = "WebForumNew", "WebForumNew.csproj", "{F4FA2CA0-29CD-4CE7-BF83-E557B60955AA}"
EndProject
Global
	GlobalSection(SolutionConfigurationPlatforms) = preSolution
		Debug|Any CPU = Debug|Any CPU
		Release|Any CPU = Release|Any CPU
	EndGlobalSection
	GlobalSection(ProjectConfigurationPlatforms) = postSolution
		{F4FA2CA0-29CD-4CE7-BF83-E557B60955AA}.Debug|Any CPU.ActiveCfg = Debug|Any CPU
		{F4FA2CA0-29CD-4CE7-BF83-E557B60955AA}.Debug|Any CPU.Build.0 = Debug|Any CPU
		{F4FA2CA0-29CD-4CE7-BF83-E557B60955AA}.Release|Any CPU.ActiveCfg = Release|Any CPU
		{F4FA2CA0-29CD-4CE7-BF83-E557B60955AA}.Release|Any CPU.Build.0 = Release|Any CPU
	EndGlobalSection
	GlobalSection(SolutionProperties) = preSolution
		HideSolutionNode = FALSE
	EndGlobalSection
	GlobalSection(ExtensibilityGlobals) = postSolution
		SolutionGuid = {452EBA6D-CB30-4913-B55B-3FD749518126}
	EndGlobalSection
EndGlobal
